// !$*UTF8*$!
{
	archiveVersion = 1;
	classes = {
	};
	objectVersion = 55;
	objects = {

/* Begin PBXBuildFile section */
		66908017B9D18D22CBD47385 /* Pods_OriginMockTests.framework in Frameworks */ = {isa = PBXBuildFile; fileRef = 30A44CE7FA8E9C9D9BDED40E /* Pods_OriginMockTests.framework */; };
		79B39D82DED1159BBEB7F002 /* Pods_OriginMock.framework in Frameworks */ = {isa = PBXBuildFile; fileRef = B617B03D68002D2A72E06905 /* Pods_OriginMock.framework */; };
		C2C10C4E80BFED7BE78D05DC /* Pods_OriginMock_OriginMockUITests.framework in Frameworks */ = {isa = PBXBuildFile; fileRef = 2FE758B3BB83278D674719D4 /* Pods_OriginMock_OriginMockUITests.framework */; };
		F4B438CE2811AC550011B52C /* HomeStatusView.swift in Sources */ = {isa = PBXBuildFile; fileRef = F4B438CD2811AC550011B52C /* HomeStatusView.swift */; };
		F4B438D12811ACA00011B52C /* HomeViewModel.swift in Sources */ = {isa = PBXBuildFile; fileRef = F4B438D02811ACA00011B52C /* HomeViewModel.swift */; };
		F4B438D42811ADFA0011B52C /* ViewControllerHolder.swift in Sources */ = {isa = PBXBuildFile; fileRef = F4B438D32811ADFA0011B52C /* ViewControllerHolder.swift */; };
		F4B438D72811AE920011B52C /* MyPageDissmissNotification.swift in Sources */ = {isa = PBXBuildFile; fileRef = F4B438D62811AE920011B52C /* MyPageDissmissNotification.swift */; };
		F4B438D92811AF1A0011B52C /* AsyncImageDownloader.swift in Sources */ = {isa = PBXBuildFile; fileRef = F4B438D82811AF1A0011B52C /* AsyncImageDownloader.swift */; };
		F4B438DF2811B1D80011B52C /* MyPageTopView.swift in Sources */ = {isa = PBXBuildFile; fileRef = F4B438DE2811B1D80011B52C /* MyPageTopView.swift */; };
		F4B438E22811B2C00011B52C /* TabBarViewModel.swift in Sources */ = {isa = PBXBuildFile; fileRef = F4B438E12811B2C00011B52C /* TabBarViewModel.swift */; };
		F4B438E52811B41F0011B52C /* SplashViewModel.swift in Sources */ = {isa = PBXBuildFile; fileRef = F4B438E42811B41F0011B52C /* SplashViewModel.swift */; };
		F4B438EB2811B5540011B52C /* RoutingUseCaseImpl.swift in Sources */ = {isa = PBXBuildFile; fileRef = F4B438EA2811B5540011B52C /* RoutingUseCaseImpl.swift */; };
		F4B438EE2811B7680011B52C /* RootView.swift in Sources */ = {isa = PBXBuildFile; fileRef = F4B438ED2811B7680011B52C /* RootView.swift */; };
		F4B438F02816D6D90011B52C /* TabBarView.swift in Sources */ = {isa = PBXBuildFile; fileRef = F4B438EF2816D6D90011B52C /* TabBarView.swift */; };
		F4B438F32816D79F0011B52C /* HomeView.swift in Sources */ = {isa = PBXBuildFile; fileRef = F4B438F22816D79F0011B52C /* HomeView.swift */; };
		F4B438F62816D7CF0011B52C /* FitnessView.swift in Sources */ = {isa = PBXBuildFile; fileRef = F4B438F52816D7CF0011B52C /* FitnessView.swift */; };
		F4B438FA2816D8990011B52C /* HabitsView.swift in Sources */ = {isa = PBXBuildFile; fileRef = F4B438F92816D8990011B52C /* HabitsView.swift */; };
		F4B438FD2816D8CF0011B52C /* ArticleView.swift in Sources */ = {isa = PBXBuildFile; fileRef = F4B438FC2816D8CF0011B52C /* ArticleView.swift */; };
		F4B43903281708780011B52C /* ServiceIntroductionView.swift in Sources */ = {isa = PBXBuildFile; fileRef = F4B43902281708780011B52C /* ServiceIntroductionView.swift */; };
		F4B4390728170E700011B52C /* OnbordingUserDefaultsRepository.swift in Sources */ = {isa = PBXBuildFile; fileRef = F4B4390628170E700011B52C /* OnbordingUserDefaultsRepository.swift */; };
		F4B4390C28170FF50011B52C /* OnbodingProgress.swift in Sources */ = {isa = PBXBuildFile; fileRef = F4B4390B28170FF50011B52C /* OnbodingProgress.swift */; };
		F4B4390E2817141F0011B52C /* SessionKeychainRepository.swift in Sources */ = {isa = PBXBuildFile; fileRef = F4B4390D2817141F0011B52C /* SessionKeychainRepository.swift */; };
		F4B439142819881C0011B52C /* ServiceIntroductionViewModel.swift in Sources */ = {isa = PBXBuildFile; fileRef = F4B439132819881C0011B52C /* ServiceIntroductionViewModel.swift */; };
		F4B4391828198A420011B52C /* ServiceIntroductionPageModel.swift in Sources */ = {isa = PBXBuildFile; fileRef = F4B4391728198A420011B52C /* ServiceIntroductionPageModel.swift */; };
		F4B4391B28198D2A0011B52C /* OnbordingUseCase.swift in Sources */ = {isa = PBXBuildFile; fileRef = F4B4391A28198D2A0011B52C /* OnbordingUseCase.swift */; };
		F4B4391D28198D490011B52C /* OnbordingUseCaseImpl.swift in Sources */ = {isa = PBXBuildFile; fileRef = F4B4391C28198D490011B52C /* OnbordingUseCaseImpl.swift */; };
		F4DD1216280D988D0090E163 /* OriginMockApp.swift in Sources */ = {isa = PBXBuildFile; fileRef = F4DD1215280D988D0090E163 /* OriginMockApp.swift */; };
		F4DD1218280D988D0090E163 /* ContentView.swift in Sources */ = {isa = PBXBuildFile; fileRef = F4DD1217280D988D0090E163 /* ContentView.swift */; };
		F4DD121A280D98910090E163 /* ImageAssets.xcassets in Resources */ = {isa = PBXBuildFile; fileRef = F4DD1219280D98910090E163 /* ImageAssets.xcassets */; };
		F4DD121D280D98910090E163 /* Preview Assets.xcassets in Resources */ = {isa = PBXBuildFile; fileRef = F4DD121C280D98910090E163 /* Preview Assets.xcassets */; };
		F4DD121F280D98910090E163 /* Persistence.swift in Sources */ = {isa = PBXBuildFile; fileRef = F4DD121E280D98910090E163 /* Persistence.swift */; };
		F4DD1222280D98910090E163 /* OriginMock.xcdatamodeld in Sources */ = {isa = PBXBuildFile; fileRef = F4DD1220280D98910090E163 /* OriginMock.xcdatamodeld */; };
		F4DD122C280D98920090E163 /* OriginMockTests.swift in Sources */ = {isa = PBXBuildFile; fileRef = F4DD122B280D98920090E163 /* OriginMockTests.swift */; };
		F4DD1236280D98920090E163 /* OriginMockUITests.swift in Sources */ = {isa = PBXBuildFile; fileRef = F4DD1235280D98920090E163 /* OriginMockUITests.swift */; };
		F4DD1238280D98920090E163 /* OriginMockUITestsLaunchTests.swift in Sources */ = {isa = PBXBuildFile; fileRef = F4DD1237280D98920090E163 /* OriginMockUITestsLaunchTests.swift */; };
		F4DD124C280DB37E0090E163 /* SplashView.swift in Sources */ = {isa = PBXBuildFile; fileRef = F4DD124B280DB37E0090E163 /* SplashView.swift */; };
		F4DD124F280DB80D0090E163 /* ColorAsset.xcassets in Resources */ = {isa = PBXBuildFile; fileRef = F4DD124E280DB80D0090E163 /* ColorAsset.xcassets */; };
		F4DD1253280DB89D0090E163 /* Color.swift in Sources */ = {isa = PBXBuildFile; fileRef = F4DD1252280DB89D0090E163 /* Color.swift */; };
		F4DD1257280DBE7B0090E163 /* RoutingManager.swift in Sources */ = {isa = PBXBuildFile; fileRef = F4DD1256280DBE7B0090E163 /* RoutingManager.swift */; };
		F4DD1259280DBEF00090E163 /* RoutingView.swift in Sources */ = {isa = PBXBuildFile; fileRef = F4DD1258280DBEF00090E163 /* RoutingView.swift */; };
		F4DD125C280DBFC10090E163 /* RoutingViewModel.swift in Sources */ = {isa = PBXBuildFile; fileRef = F4DD125B280DBFC10090E163 /* RoutingViewModel.swift */; };
/* End PBXBuildFile section */

/* Begin PBXContainerItemProxy section */
		F4DD1228280D98920090E163 /* PBXContainerItemProxy */ = {
			isa = PBXContainerItemProxy;
			containerPortal = F4DD120A280D988C0090E163 /* Project object */;
			proxyType = 1;
			remoteGlobalIDString = F4DD1211280D988D0090E163;
			remoteInfo = OriginMock;
		};
		F4DD1232280D98920090E163 /* PBXContainerItemProxy */ = {
			isa = PBXContainerItemProxy;
			containerPortal = F4DD120A280D988C0090E163 /* Project object */;
			proxyType = 1;
			remoteGlobalIDString = F4DD1211280D988D0090E163;
			remoteInfo = OriginMock;
		};
/* End PBXContainerItemProxy section */

/* Begin PBXFileReference section */
		08B59D8DA9DDA057BE97B993 /* Pods-OriginMock.release.xcconfig */ = {isa = PBXFileReference; includeInIndex = 1; lastKnownFileType = text.xcconfig; name = "Pods-OriginMock.release.xcconfig"; path = "Target Support Files/Pods-OriginMock/Pods-OriginMock.release.xcconfig"; sourceTree = "<group>"; };
		1EF2E2A500C6F818A7D159AB /* Pods-OriginMockTests.release.xcconfig */ = {isa = PBXFileReference; includeInIndex = 1; lastKnownFileType = text.xcconfig; name = "Pods-OriginMockTests.release.xcconfig"; path = "Target Support Files/Pods-OriginMockTests/Pods-OriginMockTests.release.xcconfig"; sourceTree = "<group>"; };
		2FE758B3BB83278D674719D4 /* Pods_OriginMock_OriginMockUITests.framework */ = {isa = PBXFileReference; explicitFileType = wrapper.framework; includeInIndex = 0; path = Pods_OriginMock_OriginMockUITests.framework; sourceTree = BUILT_PRODUCTS_DIR; };
		30A44CE7FA8E9C9D9BDED40E /* Pods_OriginMockTests.framework */ = {isa = PBXFileReference; explicitFileType = wrapper.framework; includeInIndex = 0; path = Pods_OriginMockTests.framework; sourceTree = BUILT_PRODUCTS_DIR; };
		937CA96617CB48E8919FD392 /* Pods-OriginMockTests.debug.xcconfig */ = {isa = PBXFileReference; includeInIndex = 1; lastKnownFileType = text.xcconfig; name = "Pods-OriginMockTests.debug.xcconfig"; path = "Target Support Files/Pods-OriginMockTests/Pods-OriginMockTests.debug.xcconfig"; sourceTree = "<group>"; };
		A6ED95045A1782EBCA2B2ED5 /* Pods-OriginMock-OriginMockUITests.debug.xcconfig */ = {isa = PBXFileReference; includeInIndex = 1; lastKnownFileType = text.xcconfig; name = "Pods-OriginMock-OriginMockUITests.debug.xcconfig"; path = "Target Support Files/Pods-OriginMock-OriginMockUITests/Pods-OriginMock-OriginMockUITests.debug.xcconfig"; sourceTree = "<group>"; };
		B617B03D68002D2A72E06905 /* Pods_OriginMock.framework */ = {isa = PBXFileReference; explicitFileType = wrapper.framework; includeInIndex = 0; path = Pods_OriginMock.framework; sourceTree = BUILT_PRODUCTS_DIR; };
		C38D026D11E8900C7F93334A /* Pods-OriginMock-OriginMockUITests.release.xcconfig */ = {isa = PBXFileReference; includeInIndex = 1; lastKnownFileType = text.xcconfig; name = "Pods-OriginMock-OriginMockUITests.release.xcconfig"; path = "Target Support Files/Pods-OriginMock-OriginMockUITests/Pods-OriginMock-OriginMockUITests.release.xcconfig"; sourceTree = "<group>"; };
		E0548EFD4F6B5A3215457B7D /* Pods-OriginMock.debug.xcconfig */ = {isa = PBXFileReference; includeInIndex = 1; lastKnownFileType = text.xcconfig; name = "Pods-OriginMock.debug.xcconfig"; path = "Target Support Files/Pods-OriginMock/Pods-OriginMock.debug.xcconfig"; sourceTree = "<group>"; };
		F4B438CD2811AC550011B52C /* HomeStatusView.swift */ = {isa = PBXFileReference; lastKnownFileType = sourcecode.swift; path = HomeStatusView.swift; sourceTree = "<group>"; };
		F4B438D02811ACA00011B52C /* HomeViewModel.swift */ = {isa = PBXFileReference; lastKnownFileType = sourcecode.swift; path = HomeViewModel.swift; sourceTree = "<group>"; };
		F4B438D32811ADFA0011B52C /* ViewControllerHolder.swift */ = {isa = PBXFileReference; lastKnownFileType = sourcecode.swift; path = ViewControllerHolder.swift; sourceTree = "<group>"; };
		F4B438D62811AE920011B52C /* MyPageDissmissNotification.swift */ = {isa = PBXFileReference; lastKnownFileType = sourcecode.swift; path = MyPageDissmissNotification.swift; sourceTree = "<group>"; };
		F4B438D82811AF1A0011B52C /* AsyncImageDownloader.swift */ = {isa = PBXFileReference; lastKnownFileType = sourcecode.swift; path = AsyncImageDownloader.swift; sourceTree = "<group>"; };
		F4B438DE2811B1D80011B52C /* MyPageTopView.swift */ = {isa = PBXFileReference; lastKnownFileType = sourcecode.swift; path = MyPageTopView.swift; sourceTree = "<group>"; };
		F4B438E12811B2C00011B52C /* TabBarViewModel.swift */ = {isa = PBXFileReference; lastKnownFileType = sourcecode.swift; path = TabBarViewModel.swift; sourceTree = "<group>"; };
		F4B438E42811B41F0011B52C /* SplashViewModel.swift */ = {isa = PBXFileReference; lastKnownFileType = sourcecode.swift; path = SplashViewModel.swift; sourceTree = "<group>"; };
		F4B438EA2811B5540011B52C /* RoutingUseCaseImpl.swift */ = {isa = PBXFileReference; lastKnownFileType = sourcecode.swift; path = RoutingUseCaseImpl.swift; sourceTree = "<group>"; };
		F4B438ED2811B7680011B52C /* RootView.swift */ = {isa = PBXFileReference; lastKnownFileType = sourcecode.swift; path = RootView.swift; sourceTree = "<group>"; };
		F4B438EF2816D6D90011B52C /* TabBarView.swift */ = {isa = PBXFileReference; lastKnownFileType = sourcecode.swift; path = TabBarView.swift; sourceTree = "<group>"; };
		F4B438F22816D79F0011B52C /* HomeView.swift */ = {isa = PBXFileReference; lastKnownFileType = sourcecode.swift; path = HomeView.swift; sourceTree = "<group>"; };
		F4B438F52816D7CF0011B52C /* FitnessView.swift */ = {isa = PBXFileReference; lastKnownFileType = sourcecode.swift; path = FitnessView.swift; sourceTree = "<group>"; };
		F4B438F92816D8990011B52C /* HabitsView.swift */ = {isa = PBXFileReference; lastKnownFileType = sourcecode.swift; path = HabitsView.swift; sourceTree = "<group>"; };
		F4B438FC2816D8CF0011B52C /* ArticleView.swift */ = {isa = PBXFileReference; lastKnownFileType = sourcecode.swift; path = ArticleView.swift; sourceTree = "<group>"; };
		F4B43902281708780011B52C /* ServiceIntroductionView.swift */ = {isa = PBXFileReference; lastKnownFileType = sourcecode.swift; path = ServiceIntroductionView.swift; sourceTree = "<group>"; };
		F4B4390628170E700011B52C /* OnbordingUserDefaultsRepository.swift */ = {isa = PBXFileReference; lastKnownFileType = sourcecode.swift; path = OnbordingUserDefaultsRepository.swift; sourceTree = "<group>"; };
		F4B4390B28170FF50011B52C /* OnbodingProgress.swift */ = {isa = PBXFileReference; lastKnownFileType = sourcecode.swift; path = OnbodingProgress.swift; sourceTree = "<group>"; };
		F4B4390D2817141F0011B52C /* SessionKeychainRepository.swift */ = {isa = PBXFileReference; lastKnownFileType = sourcecode.swift; path = SessionKeychainRepository.swift; sourceTree = "<group>"; };
		F4B439132819881C0011B52C /* ServiceIntroductionViewModel.swift */ = {isa = PBXFileReference; lastKnownFileType = sourcecode.swift; path = ServiceIntroductionViewModel.swift; sourceTree = "<group>"; };
		F4B4391728198A420011B52C /* ServiceIntroductionPageModel.swift */ = {isa = PBXFileReference; lastKnownFileType = sourcecode.swift; path = ServiceIntroductionPageModel.swift; sourceTree = "<group>"; };
		F4B4391A28198D2A0011B52C /* OnbordingUseCase.swift */ = {isa = PBXFileReference; lastKnownFileType = sourcecode.swift; path = OnbordingUseCase.swift; sourceTree = "<group>"; };
		F4B4391C28198D490011B52C /* OnbordingUseCaseImpl.swift */ = {isa = PBXFileReference; lastKnownFileType = sourcecode.swift; path = OnbordingUseCaseImpl.swift; sourceTree = "<group>"; };
		F4DD1212280D988D0090E163 /* OriginMock.app */ = {isa = PBXFileReference; explicitFileType = wrapper.application; includeInIndex = 0; path = OriginMock.app; sourceTree = BUILT_PRODUCTS_DIR; };
		F4DD1215280D988D0090E163 /* OriginMockApp.swift */ = {isa = PBXFileReference; lastKnownFileType = sourcecode.swift; path = OriginMockApp.swift; sourceTree = "<group>"; };
		F4DD1217280D988D0090E163 /* ContentView.swift */ = {isa = PBXFileReference; lastKnownFileType = sourcecode.swift; path = ContentView.swift; sourceTree = "<group>"; };
		F4DD1219280D98910090E163 /* ImageAssets.xcassets */ = {isa = PBXFileReference; lastKnownFileType = folder.assetcatalog; path = ImageAssets.xcassets; sourceTree = "<group>"; };
		F4DD121C280D98910090E163 /* Preview Assets.xcassets */ = {isa = PBXFileReference; lastKnownFileType = folder.assetcatalog; path = "Preview Assets.xcassets"; sourceTree = "<group>"; };
		F4DD121E280D98910090E163 /* Persistence.swift */ = {isa = PBXFileReference; lastKnownFileType = sourcecode.swift; path = Persistence.swift; sourceTree = "<group>"; };
		F4DD1221280D98910090E163 /* OriginMock.xcdatamodel */ = {isa = PBXFileReference; lastKnownFileType = wrapper.xcdatamodel; path = OriginMock.xcdatamodel; sourceTree = "<group>"; };
		F4DD1227280D98920090E163 /* OriginMockTests.xctest */ = {isa = PBXFileReference; explicitFileType = wrapper.cfbundle; includeInIndex = 0; path = OriginMockTests.xctest; sourceTree = BUILT_PRODUCTS_DIR; };
		F4DD122B280D98920090E163 /* OriginMockTests.swift */ = {isa = PBXFileReference; lastKnownFileType = sourcecode.swift; path = OriginMockTests.swift; sourceTree = "<group>"; };
		F4DD1231280D98920090E163 /* OriginMockUITests.xctest */ = {isa = PBXFileReference; explicitFileType = wrapper.cfbundle; includeInIndex = 0; path = OriginMockUITests.xctest; sourceTree = BUILT_PRODUCTS_DIR; };
		F4DD1235280D98920090E163 /* OriginMockUITests.swift */ = {isa = PBXFileReference; lastKnownFileType = sourcecode.swift; path = OriginMockUITests.swift; sourceTree = "<group>"; };
		F4DD1237280D98920090E163 /* OriginMockUITestsLaunchTests.swift */ = {isa = PBXFileReference; lastKnownFileType = sourcecode.swift; path = OriginMockUITestsLaunchTests.swift; sourceTree = "<group>"; };
		F4DD124B280DB37E0090E163 /* SplashView.swift */ = {isa = PBXFileReference; lastKnownFileType = sourcecode.swift; path = SplashView.swift; sourceTree = "<group>"; };
		F4DD124E280DB80D0090E163 /* ColorAsset.xcassets */ = {isa = PBXFileReference; lastKnownFileType = folder.assetcatalog; path = ColorAsset.xcassets; sourceTree = "<group>"; };
		F4DD1252280DB89D0090E163 /* Color.swift */ = {isa = PBXFileReference; lastKnownFileType = sourcecode.swift; path = Color.swift; sourceTree = "<group>"; };
		F4DD1256280DBE7B0090E163 /* RoutingManager.swift */ = {isa = PBXFileReference; lastKnownFileType = sourcecode.swift; path = RoutingManager.swift; sourceTree = "<group>"; };
		F4DD1258280DBEF00090E163 /* RoutingView.swift */ = {isa = PBXFileReference; lastKnownFileType = sourcecode.swift; path = RoutingView.swift; sourceTree = "<group>"; };
		F4DD125B280DBFC10090E163 /* RoutingViewModel.swift */ = {isa = PBXFileReference; lastKnownFileType = sourcecode.swift; path = RoutingViewModel.swift; sourceTree = "<group>"; };
/* End PBXFileReference section */

/* Begin PBXFrameworksBuildPhase section */
		F4DD120F280D988D0090E163 /* Frameworks */ = {
			isa = PBXFrameworksBuildPhase;
			buildActionMask = 2147483647;
			files = (
				79B39D82DED1159BBEB7F002 /* Pods_OriginMock.framework in Frameworks */,
			);
			runOnlyForDeploymentPostprocessing = 0;
		};
		F4DD1224280D98910090E163 /* Frameworks */ = {
			isa = PBXFrameworksBuildPhase;
			buildActionMask = 2147483647;
			files = (
				66908017B9D18D22CBD47385 /* Pods_OriginMockTests.framework in Frameworks */,
			);
			runOnlyForDeploymentPostprocessing = 0;
		};
		F4DD122E280D98920090E163 /* Frameworks */ = {
			isa = PBXFrameworksBuildPhase;
			buildActionMask = 2147483647;
			files = (
				C2C10C4E80BFED7BE78D05DC /* Pods_OriginMock_OriginMockUITests.framework in Frameworks */,
			);
			runOnlyForDeploymentPostprocessing = 0;
		};
/* End PBXFrameworksBuildPhase section */

/* Begin PBXGroup section */
		39C9B652D2B58D6E43A752F9 /* Pods */ = {
			isa = PBXGroup;
			children = (
				E0548EFD4F6B5A3215457B7D /* Pods-OriginMock.debug.xcconfig */,
				08B59D8DA9DDA057BE97B993 /* Pods-OriginMock.release.xcconfig */,
				A6ED95045A1782EBCA2B2ED5 /* Pods-OriginMock-OriginMockUITests.debug.xcconfig */,
				C38D026D11E8900C7F93334A /* Pods-OriginMock-OriginMockUITests.release.xcconfig */,
				937CA96617CB48E8919FD392 /* Pods-OriginMockTests.debug.xcconfig */,
				1EF2E2A500C6F818A7D159AB /* Pods-OriginMockTests.release.xcconfig */,
			);
			path = Pods;
			sourceTree = "<group>";
		};
		66AEA207019947C20BA991C7 /* Frameworks */ = {
			isa = PBXGroup;
			children = (
				B617B03D68002D2A72E06905 /* Pods_OriginMock.framework */,
				2FE758B3BB83278D674719D4 /* Pods_OriginMock_OriginMockUITests.framework */,
				30A44CE7FA8E9C9D9BDED40E /* Pods_OriginMockTests.framework */,
			);
			name = Frameworks;
			sourceTree = "<group>";
		};
		F4B438CB2811AC070011B52C /* Home */ = {
			isa = PBXGroup;
			children = (
				F4B438F12816D7880011B52C /* Main */,
				F4B438CC2811AC150011B52C /* Component */,
			);
			path = Home;
			sourceTree = "<group>";
		};
		F4B438CC2811AC150011B52C /* Component */ = {
			isa = PBXGroup;
			children = (
				F4B438CD2811AC550011B52C /* HomeStatusView.swift */,
			);
			path = Component;
			sourceTree = "<group>";
		};
		F4B438CF2811AC920011B52C /* Home */ = {
			isa = PBXGroup;
			children = (
				F4B438D02811ACA00011B52C /* HomeViewModel.swift */,
			);
			path = Home;
			sourceTree = "<group>";
		};
		F4B438D22811ADEA0011B52C /* Common */ = {
			isa = PBXGroup;
			children = (
				F4B438D32811ADFA0011B52C /* ViewControllerHolder.swift */,
				F4B438D82811AF1A0011B52C /* AsyncImageDownloader.swift */,
			);
			path = Common;
			sourceTree = "<group>";
		};
		F4B438D52811AE750011B52C /* Notifications */ = {
			isa = PBXGroup;
			children = (
				F4B438D62811AE920011B52C /* MyPageDissmissNotification.swift */,
			);
			path = Notifications;
			sourceTree = "<group>";
		};
		F4B438DA2811B13F0011B52C /* Mypage */ = {
			isa = PBXGroup;
			children = (
				F4B438DB2811B1780011B52C /* Component */,
				F4B438DE2811B1D80011B52C /* MyPageTopView.swift */,
			);
			path = Mypage;
			sourceTree = "<group>";
		};
		F4B438DB2811B1780011B52C /* Component */ = {
			isa = PBXGroup;
			children = (
			);
			path = Component;
			sourceTree = "<group>";
		};
		F4B438E02811B2980011B52C /* RootView */ = {
			isa = PBXGroup;
			children = (
				F4B438E12811B2C00011B52C /* TabBarViewModel.swift */,
			);
			path = RootView;
			sourceTree = "<group>";
		};
		F4B438E32811B40A0011B52C /* Splash */ = {
			isa = PBXGroup;
			children = (
				F4B438E42811B41F0011B52C /* SplashViewModel.swift */,
			);
			path = Splash;
			sourceTree = "<group>";
		};
		F4B438E62811B4B50011B52C /* Domain */ = {
			isa = PBXGroup;
			children = (
				F4B438E72811B4D00011B52C /* Application */,
				F4B4390428170E310011B52C /* DomainModel */,
			);
			path = Domain;
			sourceTree = "<group>";
		};
		F4B438E72811B4D00011B52C /* Application */ = {
			isa = PBXGroup;
			children = (
				F4B438E82811B5000011B52C /* UseCases */,
			);
			path = Application;
			sourceTree = "<group>";
		};
		F4B438E82811B5000011B52C /* UseCases */ = {
			isa = PBXGroup;
			children = (
				F4B4391928198D150011B52C /* Onbording */,
				F4B438E92811B53C0011B52C /* Routing */,
			);
			path = UseCases;
			sourceTree = "<group>";
		};
		F4B438E92811B53C0011B52C /* Routing */ = {
			isa = PBXGroup;
			children = (
				F4B438EA2811B5540011B52C /* RoutingUseCaseImpl.swift */,
			);
			path = Routing;
			sourceTree = "<group>";
		};
		F4B438EC2811B7330011B52C /* RootView */ = {
			isa = PBXGroup;
			children = (
				F4B438ED2811B7680011B52C /* RootView.swift */,
			);
			path = RootView;
			sourceTree = "<group>";
		};
		F4B438F12816D7880011B52C /* Main */ = {
			isa = PBXGroup;
			children = (
				F4B438F22816D79F0011B52C /* HomeView.swift */,
			);
			path = Main;
			sourceTree = "<group>";
		};
		F4B438F42816D7B30011B52C /* Fitness */ = {
			isa = PBXGroup;
			children = (
				F4B438FE2816E2730011B52C /* Main */,
			);
			path = Fitness;
			sourceTree = "<group>";
		};
		F4B438F72816D8050011B52C /* Content */ = {
			isa = PBXGroup;
			children = (
				F4B438CB2811AC070011B52C /* Home */,
				F4B438F42816D7B30011B52C /* Fitness */,
				F4B438F82816D8660011B52C /* Habits */,
				F4B438FB2816D8AB0011B52C /* Article */,
			);
			path = Content;
			sourceTree = "<group>";
		};
		F4B438F82816D8660011B52C /* Habits */ = {
			isa = PBXGroup;
			children = (
				F4B438FF2816E2860011B52C /* Main */,
			);
			name = Habits;
			sourceTree = "<group>";
		};
		F4B438FB2816D8AB0011B52C /* Article */ = {
			isa = PBXGroup;
			children = (
				F4B439002816E2A20011B52C /* Main */,
			);
			name = Article;
			sourceTree = "<group>";
		};
		F4B438FE2816E2730011B52C /* Main */ = {
			isa = PBXGroup;
			children = (
				F4B438F52816D7CF0011B52C /* FitnessView.swift */,
			);
			path = Main;
			sourceTree = "<group>";
		};
		F4B438FF2816E2860011B52C /* Main */ = {
			isa = PBXGroup;
			children = (
				F4B438F92816D8990011B52C /* HabitsView.swift */,
			);
			name = Main;
			sourceTree = "<group>";
		};
		F4B439002816E2A20011B52C /* Main */ = {
			isa = PBXGroup;
			children = (
				F4B438FC2816D8CF0011B52C /* ArticleView.swift */,
			);
			name = Main;
			sourceTree = "<group>";
		};
		F4B43901281708600011B52C /* ServiceIntroduction */ = {
			isa = PBXGroup;
			children = (
				F4B43902281708780011B52C /* ServiceIntroductionView.swift */,
			);
			name = ServiceIntroduction;
			sourceTree = "<group>";
		};
		F4B4390428170E310011B52C /* DomainModel */ = {
			isa = PBXGroup;
			children = (
				F4B4390828170FA90011B52C /* Repositories */,
				F4B4390928170FB80011B52C /* Models */,
			);
			path = DomainModel;
			sourceTree = "<group>";
		};
		F4B4390528170E530011B52C /* Onbording */ = {
			isa = PBXGroup;
			children = (
				F4B4390628170E700011B52C /* OnbordingUserDefaultsRepository.swift */,
				F4B4390D2817141F0011B52C /* SessionKeychainRepository.swift */,
			);
			path = Onbording;
			sourceTree = "<group>";
		};
		F4B4390828170FA90011B52C /* Repositories */ = {
			isa = PBXGroup;
			children = (
				F4B4390528170E530011B52C /* Onbording */,
			);
			name = Repositories;
			sourceTree = "<group>";
		};
		F4B4390928170FB80011B52C /* Models */ = {
			isa = PBXGroup;
			children = (
				F4B4390A28170FD10011B52C /* Onbording */,
			);
			name = Models;
			sourceTree = "<group>";
		};
		F4B4390A28170FD10011B52C /* Onbording */ = {
			isa = PBXGroup;
			children = (
				F4B4390B28170FF50011B52C /* OnbodingProgress.swift */,
			);
			name = Onbording;
			sourceTree = "<group>";
		};
		F4B43911281987DF0011B52C /* Onboarding */ = {
			isa = PBXGroup;
			children = (
				F4B43912281987FE0011B52C /* ServiceIntroduction */,
			);
			path = Onboarding;
			sourceTree = "<group>";
		};
		F4B43912281987FE0011B52C /* ServiceIntroduction */ = {
			isa = PBXGroup;
			children = (
				F4B439132819881C0011B52C /* ServiceIntroductionViewModel.swift */,
			);
			path = ServiceIntroduction;
			sourceTree = "<group>";
		};
		F4B43915281988DB0011B52C /* Models */ = {
			isa = PBXGroup;
			children = (
				F4B43916281989290011B52C /* ServiceIntroduction */,
			);
			path = Models;
			sourceTree = "<group>";
		};
		F4B43916281989290011B52C /* ServiceIntroduction */ = {
			isa = PBXGroup;
			children = (
				F4B4391728198A420011B52C /* ServiceIntroductionPageModel.swift */,
			);
			path = ServiceIntroduction;
			sourceTree = "<group>";
		};
		F4B4391928198D150011B52C /* Onbording */ = {
			isa = PBXGroup;
			children = (
				F4B4391A28198D2A0011B52C /* OnbordingUseCase.swift */,
				F4B4391C28198D490011B52C /* OnbordingUseCaseImpl.swift */,
			);
			path = Onbording;
			sourceTree = "<group>";
		};
		F4DD1209280D988C0090E163 = {
			isa = PBXGroup;
			children = (
				F4DD1214280D988D0090E163 /* OriginMock */,
				F4DD122A280D98920090E163 /* OriginMockTests */,
				F4DD1234280D98920090E163 /* OriginMockUITests */,
				F4DD1213280D988D0090E163 /* Products */,
				39C9B652D2B58D6E43A752F9 /* Pods */,
				66AEA207019947C20BA991C7 /* Frameworks */,
			);
			sourceTree = "<group>";
		};
		F4DD1213280D988D0090E163 /* Products */ = {
			isa = PBXGroup;
			children = (
				F4DD1212280D988D0090E163 /* OriginMock.app */,
				F4DD1227280D98920090E163 /* OriginMockTests.xctest */,
				F4DD1231280D98920090E163 /* OriginMockUITests.xctest */,
			);
			name = Products;
			sourceTree = "<group>";
		};
		F4DD1214280D988D0090E163 /* OriginMock */ = {
			isa = PBXGroup;
			children = (
				F4DD124D280DB4DC0090E163 /* Resources */,
				F4DD1250280DB8650090E163 /* Utils */,
				F4B438E62811B4B50011B52C /* Domain */,
				F4DD1255280DBE470090E163 /* Manager */,
				F4DD1244280DAC130090E163 /* Presentation */,
				F4DD1215280D988D0090E163 /* OriginMockApp.swift */,
				F4DD1217280D988D0090E163 /* ContentView.swift */,
				F4DD121E280D98910090E163 /* Persistence.swift */,
				F4DD1220280D98910090E163 /* OriginMock.xcdatamodeld */,
				F4DD121B280D98910090E163 /* Preview Content */,
			);
			path = OriginMock;
			sourceTree = "<group>";
		};
		F4DD121B280D98910090E163 /* Preview Content */ = {
			isa = PBXGroup;
			children = (
				F4DD121C280D98910090E163 /* Preview Assets.xcassets */,
			);
			path = "Preview Content";
			sourceTree = "<group>";
		};
		F4DD122A280D98920090E163 /* OriginMockTests */ = {
			isa = PBXGroup;
			children = (
				F4DD122B280D98920090E163 /* OriginMockTests.swift */,
			);
			path = OriginMockTests;
			sourceTree = "<group>";
		};
		F4DD1234280D98920090E163 /* OriginMockUITests */ = {
			isa = PBXGroup;
			children = (
				F4DD1235280D98920090E163 /* OriginMockUITests.swift */,
				F4DD1237280D98920090E163 /* OriginMockUITestsLaunchTests.swift */,
			);
			path = OriginMockUITests;
			sourceTree = "<group>";
		};
		F4DD1244280DAC130090E163 /* Presentation */ = {
			isa = PBXGroup;
			children = (
				F4DD1245280DAC1E0090E163 /* ViewModels */,
				F4DD1246280DAC270090E163 /* Views */,
				F4B438EC2811B7330011B52C /* RootView */,
				F4DD124A280DB34A0090E163 /* Routing */,
			);
			path = Presentation;
			sourceTree = "<group>";
		};
		F4DD1245280DAC1E0090E163 /* ViewModels */ = {
			isa = PBXGroup;
			children = (
				F4B43915281988DB0011B52C /* Models */,
				F4B438E32811B40A0011B52C /* Splash */,
				F4B438CF2811AC920011B52C /* Home */,
				F4B43911281987DF0011B52C /* Onboarding */,
				F4B438E02811B2980011B52C /* RootView */,
				F4DD125A280DBFA90090E163 /* Routing */,
			);
			path = ViewModels;
			sourceTree = "<group>";
		};
		F4DD1246280DAC270090E163 /* Views */ = {
			isa = PBXGroup;
			children = (
				F4B438D22811ADEA0011B52C /* Common */,
				F4DD1247280DB25A0090E163 /* Splash */,
				F4DD1248280DB2750090E163 /* Onboarding */,
				F4B438DA2811B13F0011B52C /* Mypage */,
				F4B438F72816D8050011B52C /* Content */,
			);
			path = Views;
			sourceTree = "<group>";
		};
		F4DD1247280DB25A0090E163 /* Splash */ = {
			isa = PBXGroup;
			children = (
				F4DD124B280DB37E0090E163 /* SplashView.swift */,
			);
			path = Splash;
			sourceTree = "<group>";
		};
		F4DD1248280DB2750090E163 /* Onboarding */ = {
			isa = PBXGroup;
			children = (
				F4B43901281708600011B52C /* ServiceIntroduction */,
			);
			path = Onboarding;
			sourceTree = "<group>";
		};
		F4DD124A280DB34A0090E163 /* Routing */ = {
			isa = PBXGroup;
			children = (
				F4DD1258280DBEF00090E163 /* RoutingView.swift */,
				F4B438EF2816D6D90011B52C /* TabBarView.swift */,
			);
			path = Routing;
			sourceTree = "<group>";
		};
		F4DD124D280DB4DC0090E163 /* Resources */ = {
			isa = PBXGroup;
			children = (
				F4DD1219280D98910090E163 /* ImageAssets.xcassets */,
				F4DD124E280DB80D0090E163 /* ColorAsset.xcassets */,
			);
			path = Resources;
			sourceTree = "<group>";
		};
		F4DD1250280DB8650090E163 /* Utils */ = {
			isa = PBXGroup;
			children = (
				F4DD1251280DB87E0090E163 /* Extensions */,
				F4B438D52811AE750011B52C /* Notifications */,
			);
			path = Utils;
			sourceTree = "<group>";
		};
		F4DD1251280DB87E0090E163 /* Extensions */ = {
			isa = PBXGroup;
			children = (
				F4DD1252280DB89D0090E163 /* Color.swift */,
			);
			path = Extensions;
			sourceTree = "<group>";
		};
		F4DD1255280DBE470090E163 /* Manager */ = {
			isa = PBXGroup;
			children = (
				F4DD1256280DBE7B0090E163 /* RoutingManager.swift */,
			);
			path = Manager;
			sourceTree = "<group>";
		};
		F4DD125A280DBFA90090E163 /* Routing */ = {
			isa = PBXGroup;
			children = (
				F4DD125B280DBFC10090E163 /* RoutingViewModel.swift */,
			);
			path = Routing;
			sourceTree = "<group>";
		};
/* End PBXGroup section */

/* Begin PBXNativeTarget section */
		F4DD1211280D988D0090E163 /* OriginMock */ = {
			isa = PBXNativeTarget;
			buildConfigurationList = F4DD123B280D98920090E163 /* Build configuration list for PBXNativeTarget "OriginMock" */;
			buildPhases = (
				1F1FDAA9EB09DFD079BB5D5D /* [CP] Check Pods Manifest.lock */,
				F4DD120E280D988D0090E163 /* Sources */,
				F4DD120F280D988D0090E163 /* Frameworks */,
				F4DD1210280D988D0090E163 /* Resources */,
				67DC619B3729C080825FD90D /* [CP] Embed Pods Frameworks */,
			);
			buildRules = (
			);
			dependencies = (
			);
			name = OriginMock;
			productName = OriginMock;
			productReference = F4DD1212280D988D0090E163 /* OriginMock.app */;
			productType = "com.apple.product-type.application";
		};
		F4DD1226280D98910090E163 /* OriginMockTests */ = {
			isa = PBXNativeTarget;
			buildConfigurationList = F4DD123E280D98920090E163 /* Build configuration list for PBXNativeTarget "OriginMockTests" */;
			buildPhases = (
				2F25F6FACB96E1BCE720DE72 /* [CP] Check Pods Manifest.lock */,
				F4DD1223280D98910090E163 /* Sources */,
				F4DD1224280D98910090E163 /* Frameworks */,
				F4DD1225280D98910090E163 /* Resources */,
			);
			buildRules = (
			);
			dependencies = (
				F4DD1229280D98920090E163 /* PBXTargetDependency */,
			);
			name = OriginMockTests;
			productName = OriginMockTests;
			productReference = F4DD1227280D98920090E163 /* OriginMockTests.xctest */;
			productType = "com.apple.product-type.bundle.unit-test";
		};
		F4DD1230280D98920090E163 /* OriginMockUITests */ = {
			isa = PBXNativeTarget;
			buildConfigurationList = F4DD1241280D98920090E163 /* Build configuration list for PBXNativeTarget "OriginMockUITests" */;
			buildPhases = (
				BF4FC717FA4B2A4343CB1EE5 /* [CP] Check Pods Manifest.lock */,
				F4DD122D280D98920090E163 /* Sources */,
				F4DD122E280D98920090E163 /* Frameworks */,
				F4DD122F280D98920090E163 /* Resources */,
				01AF97B9491EAC227C2BAED9 /* [CP] Embed Pods Frameworks */,
			);
			buildRules = (
			);
			dependencies = (
				F4DD1233280D98920090E163 /* PBXTargetDependency */,
			);
			name = OriginMockUITests;
			productName = OriginMockUITests;
			productReference = F4DD1231280D98920090E163 /* OriginMockUITests.xctest */;
			productType = "com.apple.product-type.bundle.ui-testing";
		};
/* End PBXNativeTarget section */

/* Begin PBXProject section */
		F4DD120A280D988C0090E163 /* Project object */ = {
			isa = PBXProject;
			attributes = {
				BuildIndependentTargetsInParallel = 1;
				LastSwiftUpdateCheck = 1310;
				LastUpgradeCheck = 1310;
				TargetAttributes = {
					F4DD1211280D988D0090E163 = {
						CreatedOnToolsVersion = 13.1;
					};
					F4DD1226280D98910090E163 = {
						CreatedOnToolsVersion = 13.1;
						TestTargetID = F4DD1211280D988D0090E163;
					};
					F4DD1230280D98920090E163 = {
						CreatedOnToolsVersion = 13.1;
						TestTargetID = F4DD1211280D988D0090E163;
					};
				};
			};
			buildConfigurationList = F4DD120D280D988C0090E163 /* Build configuration list for PBXProject "OriginMock" */;
			compatibilityVersion = "Xcode 13.0";
			developmentRegion = en;
			hasScannedForEncodings = 0;
			knownRegions = (
				en,
				Base,
			);
			mainGroup = F4DD1209280D988C0090E163;
			productRefGroup = F4DD1213280D988D0090E163 /* Products */;
			projectDirPath = "";
			projectRoot = "";
			targets = (
				F4DD1211280D988D0090E163 /* OriginMock */,
				F4DD1226280D98910090E163 /* OriginMockTests */,
				F4DD1230280D98920090E163 /* OriginMockUITests */,
			);
		};
/* End PBXProject section */

/* Begin PBXResourcesBuildPhase section */
		F4DD1210280D988D0090E163 /* Resources */ = {
			isa = PBXResourcesBuildPhase;
			buildActionMask = 2147483647;
			files = (
				F4DD124F280DB80D0090E163 /* ColorAsset.xcassets in Resources */,
				F4DD121D280D98910090E163 /* Preview Assets.xcassets in Resources */,
				F4DD121A280D98910090E163 /* ImageAssets.xcassets in Resources */,
			);
			runOnlyForDeploymentPostprocessing = 0;
		};
		F4DD1225280D98910090E163 /* Resources */ = {
			isa = PBXResourcesBuildPhase;
			buildActionMask = 2147483647;
			files = (
			);
			runOnlyForDeploymentPostprocessing = 0;
		};
		F4DD122F280D98920090E163 /* Resources */ = {
			isa = PBXResourcesBuildPhase;
			buildActionMask = 2147483647;
			files = (
			);
			runOnlyForDeploymentPostprocessing = 0;
		};
/* End PBXResourcesBuildPhase section */

/* Begin PBXShellScriptBuildPhase section */
		01AF97B9491EAC227C2BAED9 /* [CP] Embed Pods Frameworks */ = {
			isa = PBXShellScriptBuildPhase;
			buildActionMask = 2147483647;
			files = (
			);
			inputFileListPaths = (
				"${PODS_ROOT}/Target Support Files/Pods-OriginMock-OriginMockUITests/Pods-OriginMock-OriginMockUITests-frameworks-${CONFIGURATION}-input-files.xcfilelist",
			);
			name = "[CP] Embed Pods Frameworks";
			outputFileListPaths = (
				"${PODS_ROOT}/Target Support Files/Pods-OriginMock-OriginMockUITests/Pods-OriginMock-OriginMockUITests-frameworks-${CONFIGURATION}-output-files.xcfilelist",
			);
			runOnlyForDeploymentPostprocessing = 0;
			shellPath = /bin/sh;
			shellScript = "\"${PODS_ROOT}/Target Support Files/Pods-OriginMock-OriginMockUITests/Pods-OriginMock-OriginMockUITests-frameworks.sh\"\n";
			showEnvVarsInLog = 0;
		};
		1F1FDAA9EB09DFD079BB5D5D /* [CP] Check Pods Manifest.lock */ = {
			isa = PBXShellScriptBuildPhase;
			buildActionMask = 2147483647;
			files = (
			);
			inputFileListPaths = (
			);
			inputPaths = (
				"${PODS_PODFILE_DIR_PATH}/Podfile.lock",
				"${PODS_ROOT}/Manifest.lock",
			);
			name = "[CP] Check Pods Manifest.lock";
			outputFileListPaths = (
			);
			outputPaths = (
				"$(DERIVED_FILE_DIR)/Pods-OriginMock-checkManifestLockResult.txt",
			);
			runOnlyForDeploymentPostprocessing = 0;
			shellPath = /bin/sh;
			shellScript = "diff \"${PODS_PODFILE_DIR_PATH}/Podfile.lock\" \"${PODS_ROOT}/Manifest.lock\" > /dev/null\nif [ $? != 0 ] ; then\n    # print error to STDERR\n    echo \"error: The sandbox is not in sync with the Podfile.lock. Run 'pod install' or update your CocoaPods installation.\" >&2\n    exit 1\nfi\n# This output is used by Xcode 'outputs' to avoid re-running this script phase.\necho \"SUCCESS\" > \"${SCRIPT_OUTPUT_FILE_0}\"\n";
			showEnvVarsInLog = 0;
		};
		2F25F6FACB96E1BCE720DE72 /* [CP] Check Pods Manifest.lock */ = {
			isa = PBXShellScriptBuildPhase;
			buildActionMask = 2147483647;
			files = (
			);
			inputFileListPaths = (
			);
			inputPaths = (
				"${PODS_PODFILE_DIR_PATH}/Podfile.lock",
				"${PODS_ROOT}/Manifest.lock",
			);
			name = "[CP] Check Pods Manifest.lock";
			outputFileListPaths = (
			);
			outputPaths = (
				"$(DERIVED_FILE_DIR)/Pods-OriginMockTests-checkManifestLockResult.txt",
			);
			runOnlyForDeploymentPostprocessing = 0;
			shellPath = /bin/sh;
			shellScript = "diff \"${PODS_PODFILE_DIR_PATH}/Podfile.lock\" \"${PODS_ROOT}/Manifest.lock\" > /dev/null\nif [ $? != 0 ] ; then\n    # print error to STDERR\n    echo \"error: The sandbox is not in sync with the Podfile.lock. Run 'pod install' or update your CocoaPods installation.\" >&2\n    exit 1\nfi\n# This output is used by Xcode 'outputs' to avoid re-running this script phase.\necho \"SUCCESS\" > \"${SCRIPT_OUTPUT_FILE_0}\"\n";
			showEnvVarsInLog = 0;
		};
		67DC619B3729C080825FD90D /* [CP] Embed Pods Frameworks */ = {
			isa = PBXShellScriptBuildPhase;
			buildActionMask = 2147483647;
			files = (
			);
			inputFileListPaths = (
				"${PODS_ROOT}/Target Support Files/Pods-OriginMock/Pods-OriginMock-frameworks-${CONFIGURATION}-input-files.xcfilelist",
			);
			name = "[CP] Embed Pods Frameworks";
			outputFileListPaths = (
				"${PODS_ROOT}/Target Support Files/Pods-OriginMock/Pods-OriginMock-frameworks-${CONFIGURATION}-output-files.xcfilelist",
			);
			runOnlyForDeploymentPostprocessing = 0;
			shellPath = /bin/sh;
			shellScript = "\"${PODS_ROOT}/Target Support Files/Pods-OriginMock/Pods-OriginMock-frameworks.sh\"\n";
			showEnvVarsInLog = 0;
		};
		BF4FC717FA4B2A4343CB1EE5 /* [CP] Check Pods Manifest.lock */ = {
			isa = PBXShellScriptBuildPhase;
			buildActionMask = 2147483647;
			files = (
			);
			inputFileListPaths = (
			);
			inputPaths = (
				"${PODS_PODFILE_DIR_PATH}/Podfile.lock",
				"${PODS_ROOT}/Manifest.lock",
			);
			name = "[CP] Check Pods Manifest.lock";
			outputFileListPaths = (
			);
			outputPaths = (
				"$(DERIVED_FILE_DIR)/Pods-OriginMock-OriginMockUITests-checkManifestLockResult.txt",
			);
			runOnlyForDeploymentPostprocessing = 0;
			shellPath = /bin/sh;
			shellScript = "diff \"${PODS_PODFILE_DIR_PATH}/Podfile.lock\" \"${PODS_ROOT}/Manifest.lock\" > /dev/null\nif [ $? != 0 ] ; then\n    # print error to STDERR\n    echo \"error: The sandbox is not in sync with the Podfile.lock. Run 'pod install' or update your CocoaPods installation.\" >&2\n    exit 1\nfi\n# This output is used by Xcode 'outputs' to avoid re-running this script phase.\necho \"SUCCESS\" > \"${SCRIPT_OUTPUT_FILE_0}\"\n";
			showEnvVarsInLog = 0;
		};
/* End PBXShellScriptBuildPhase section */

/* Begin PBXSourcesBuildPhase section */
		F4DD120E280D988D0090E163 /* Sources */ = {
			isa = PBXSourcesBuildPhase;
			buildActionMask = 2147483647;
			files = (
				F4DD1257280DBE7B0090E163 /* RoutingManager.swift in Sources */,
				F4B4391B28198D2A0011B52C /* OnbordingUseCase.swift in Sources */,
				F4B438D12811ACA00011B52C /* HomeViewModel.swift in Sources */,
				F4B438D42811ADFA0011B52C /* ViewControllerHolder.swift in Sources */,
				F4B438D72811AE920011B52C /* MyPageDissmissNotification.swift in Sources */,
				F4DD121F280D98910090E163 /* Persistence.swift in Sources */,
				F4B438EE2811B7680011B52C /* RootView.swift in Sources */,
				F4DD1222280D98910090E163 /* OriginMock.xcdatamodeld in Sources */,
				F4B438CE2811AC550011B52C /* HomeStatusView.swift in Sources */,
				F4B438D92811AF1A0011B52C /* AsyncImageDownloader.swift in Sources */,
				F4B438E22811B2C00011B52C /* TabBarViewModel.swift in Sources */,
				F4DD1218280D988D0090E163 /* ContentView.swift in Sources */,
				F4DD125C280DBFC10090E163 /* RoutingViewModel.swift in Sources */,
				F4B438E52811B41F0011B52C /* SplashViewModel.swift in Sources */,
				F4B4390728170E700011B52C /* OnbordingUserDefaultsRepository.swift in Sources */,
				F4B4391828198A420011B52C /* ServiceIntroductionPageModel.swift in Sources */,
				F4B4390E2817141F0011B52C /* SessionKeychainRepository.swift in Sources */,
				F4B43903281708780011B52C /* ServiceIntroductionView.swift in Sources */,
				F4B4391D28198D490011B52C /* OnbordingUseCaseImpl.swift in Sources */,
				F4B438EB2811B5540011B52C /* RoutingUseCaseImpl.swift in Sources */,
				F4DD1216280D988D0090E163 /* OriginMockApp.swift in Sources */,
				F4B439142819881C0011B52C /* ServiceIntroductionViewModel.swift in Sources */,
				F4B438F32816D79F0011B52C /* HomeView.swift in Sources */,
				F4B438FA2816D8990011B52C /* HabitsView.swift in Sources */,
				F4DD124C280DB37E0090E163 /* SplashView.swift in Sources */,
				F4B4390C28170FF50011B52C /* OnbodingProgress.swift in Sources */,
				F4B438F62816D7CF0011B52C /* FitnessView.swift in Sources */,
				F4B438FD2816D8CF0011B52C /* ArticleView.swift in Sources */,
				F4DD1253280DB89D0090E163 /* Color.swift in Sources */,
				F4B438DF2811B1D80011B52C /* MyPageTopView.swift in Sources */,
				F4B438F02816D6D90011B52C /* TabBarView.swift in Sources */,
				F4DD1259280DBEF00090E163 /* RoutingView.swift in Sources */,
			);
			runOnlyForDeploymentPostprocessing = 0;
		};
		F4DD1223280D98910090E163 /* Sources */ = {
			isa = PBXSourcesBuildPhase;
			buildActionMask = 2147483647;
			files = (
				F4DD122C280D98920090E163 /* OriginMockTests.swift in Sources */,
			);
			runOnlyForDeploymentPostprocessing = 0;
		};
		F4DD122D280D98920090E163 /* Sources */ = {
			isa = PBXSourcesBuildPhase;
			buildActionMask = 2147483647;
			files = (
				F4DD1238280D98920090E163 /* OriginMockUITestsLaunchTests.swift in Sources */,
				F4DD1236280D98920090E163 /* OriginMockUITests.swift in Sources */,
			);
			runOnlyForDeploymentPostprocessing = 0;
		};
/* End PBXSourcesBuildPhase section */

/* Begin PBXTargetDependency section */
		F4DD1229280D98920090E163 /* PBXTargetDependency */ = {
			isa = PBXTargetDependency;
			target = F4DD1211280D988D0090E163 /* OriginMock */;
			targetProxy = F4DD1228280D98920090E163 /* PBXContainerItemProxy */;
		};
		F4DD1233280D98920090E163 /* PBXTargetDependency */ = {
			isa = PBXTargetDependency;
			target = F4DD1211280D988D0090E163 /* OriginMock */;
			targetProxy = F4DD1232280D98920090E163 /* PBXContainerItemProxy */;
		};
/* End PBXTargetDependency section */

/* Begin XCBuildConfiguration section */
		F4DD1239280D98920090E163 /* Debug */ = {
			isa = XCBuildConfiguration;
			buildSettings = {
				ALWAYS_SEARCH_USER_PATHS = NO;
				CLANG_ANALYZER_NONNULL = YES;
				CLANG_ANALYZER_NUMBER_OBJECT_CONVERSION = YES_AGGRESSIVE;
				CLANG_CXX_LANGUAGE_STANDARD = "gnu++17";
				CLANG_CXX_LIBRARY = "libc++";
				CLANG_ENABLE_MODULES = YES;
				CLANG_ENABLE_OBJC_ARC = YES;
				CLANG_ENABLE_OBJC_WEAK = YES;
				CLANG_WARN_BLOCK_CAPTURE_AUTORELEASING = YES;
				CLANG_WARN_BOOL_CONVERSION = YES;
				CLANG_WARN_COMMA = YES;
				CLANG_WARN_CONSTANT_CONVERSION = YES;
				CLANG_WARN_DEPRECATED_OBJC_IMPLEMENTATIONS = YES;
				CLANG_WARN_DIRECT_OBJC_ISA_USAGE = YES_ERROR;
				CLANG_WARN_DOCUMENTATION_COMMENTS = YES;
				CLANG_WARN_EMPTY_BODY = YES;
				CLANG_WARN_ENUM_CONVERSION = YES;
				CLANG_WARN_INFINITE_RECURSION = YES;
				CLANG_WARN_INT_CONVERSION = YES;
				CLANG_WARN_NON_LITERAL_NULL_CONVERSION = YES;
				CLANG_WARN_OBJC_IMPLICIT_RETAIN_SELF = YES;
				CLANG_WARN_OBJC_LITERAL_CONVERSION = YES;
				CLANG_WARN_OBJC_ROOT_CLASS = YES_ERROR;
				CLANG_WARN_QUOTED_INCLUDE_IN_FRAMEWORK_HEADER = YES;
				CLANG_WARN_RANGE_LOOP_ANALYSIS = YES;
				CLANG_WARN_STRICT_PROTOTYPES = YES;
				CLANG_WARN_SUSPICIOUS_MOVE = YES;
				CLANG_WARN_UNGUARDED_AVAILABILITY = YES_AGGRESSIVE;
				CLANG_WARN_UNREACHABLE_CODE = YES;
				CLANG_WARN__DUPLICATE_METHOD_MATCH = YES;
				COPY_PHASE_STRIP = NO;
				DEBUG_INFORMATION_FORMAT = dwarf;
				ENABLE_STRICT_OBJC_MSGSEND = YES;
				ENABLE_TESTABILITY = YES;
				GCC_C_LANGUAGE_STANDARD = gnu11;
				GCC_DYNAMIC_NO_PIC = NO;
				GCC_NO_COMMON_BLOCKS = YES;
				GCC_OPTIMIZATION_LEVEL = 0;
				GCC_PREPROCESSOR_DEFINITIONS = (
					"DEBUG=1",
					"$(inherited)",
				);
				GCC_WARN_64_TO_32_BIT_CONVERSION = YES;
				GCC_WARN_ABOUT_RETURN_TYPE = YES_ERROR;
				GCC_WARN_UNDECLARED_SELECTOR = YES;
				GCC_WARN_UNINITIALIZED_AUTOS = YES_AGGRESSIVE;
				GCC_WARN_UNUSED_FUNCTION = YES;
				GCC_WARN_UNUSED_VARIABLE = YES;
				IPHONEOS_DEPLOYMENT_TARGET = 15.0;
				MTL_ENABLE_DEBUG_INFO = INCLUDE_SOURCE;
				MTL_FAST_MATH = YES;
				ONLY_ACTIVE_ARCH = YES;
				SDKROOT = iphoneos;
				SWIFT_ACTIVE_COMPILATION_CONDITIONS = DEBUG;
				SWIFT_OPTIMIZATION_LEVEL = "-Onone";
			};
			name = Debug;
		};
		F4DD123A280D98920090E163 /* Release */ = {
			isa = XCBuildConfiguration;
			buildSettings = {
				ALWAYS_SEARCH_USER_PATHS = NO;
				CLANG_ANALYZER_NONNULL = YES;
				CLANG_ANALYZER_NUMBER_OBJECT_CONVERSION = YES_AGGRESSIVE;
				CLANG_CXX_LANGUAGE_STANDARD = "gnu++17";
				CLANG_CXX_LIBRARY = "libc++";
				CLANG_ENABLE_MODULES = YES;
				CLANG_ENABLE_OBJC_ARC = YES;
				CLANG_ENABLE_OBJC_WEAK = YES;
				CLANG_WARN_BLOCK_CAPTURE_AUTORELEASING = YES;
				CLANG_WARN_BOOL_CONVERSION = YES;
				CLANG_WARN_COMMA = YES;
				CLANG_WARN_CONSTANT_CONVERSION = YES;
				CLANG_WARN_DEPRECATED_OBJC_IMPLEMENTATIONS = YES;
				CLANG_WARN_DIRECT_OBJC_ISA_USAGE = YES_ERROR;
				CLANG_WARN_DOCUMENTATION_COMMENTS = YES;
				CLANG_WARN_EMPTY_BODY = YES;
				CLANG_WARN_ENUM_CONVERSION = YES;
				CLANG_WARN_INFINITE_RECURSION = YES;
				CLANG_WARN_INT_CONVERSION = YES;
				CLANG_WARN_NON_LITERAL_NULL_CONVERSION = YES;
				CLANG_WARN_OBJC_IMPLICIT_RETAIN_SELF = YES;
				CLANG_WARN_OBJC_LITERAL_CONVERSION = YES;
				CLANG_WARN_OBJC_ROOT_CLASS = YES_ERROR;
				CLANG_WARN_QUOTED_INCLUDE_IN_FRAMEWORK_HEADER = YES;
				CLANG_WARN_RANGE_LOOP_ANALYSIS = YES;
				CLANG_WARN_STRICT_PROTOTYPES = YES;
				CLANG_WARN_SUSPICIOUS_MOVE = YES;
				CLANG_WARN_UNGUARDED_AVAILABILITY = YES_AGGRESSIVE;
				CLANG_WARN_UNREACHABLE_CODE = YES;
				CLANG_WARN__DUPLICATE_METHOD_MATCH = YES;
				COPY_PHASE_STRIP = NO;
				DEBUG_INFORMATION_FORMAT = "dwarf-with-dsym";
				ENABLE_NS_ASSERTIONS = NO;
				ENABLE_STRICT_OBJC_MSGSEND = YES;
				GCC_C_LANGUAGE_STANDARD = gnu11;
				GCC_NO_COMMON_BLOCKS = YES;
				GCC_WARN_64_TO_32_BIT_CONVERSION = YES;
				GCC_WARN_ABOUT_RETURN_TYPE = YES_ERROR;
				GCC_WARN_UNDECLARED_SELECTOR = YES;
				GCC_WARN_UNINITIALIZED_AUTOS = YES_AGGRESSIVE;
				GCC_WARN_UNUSED_FUNCTION = YES;
				GCC_WARN_UNUSED_VARIABLE = YES;
				IPHONEOS_DEPLOYMENT_TARGET = 15.0;
				MTL_ENABLE_DEBUG_INFO = NO;
				MTL_FAST_MATH = YES;
				SDKROOT = iphoneos;
				SWIFT_COMPILATION_MODE = wholemodule;
				SWIFT_OPTIMIZATION_LEVEL = "-O";
				VALIDATE_PRODUCT = YES;
			};
			name = Release;
		};
		F4DD123C280D98920090E163 /* Debug */ = {
			isa = XCBuildConfiguration;
			baseConfigurationReference = E0548EFD4F6B5A3215457B7D /* Pods-OriginMock.debug.xcconfig */;
			buildSettings = {
				ASSETCATALOG_COMPILER_APPICON_NAME = AppIcon;
				ASSETCATALOG_COMPILER_GLOBAL_ACCENT_COLOR_NAME = AccentColor;
				CODE_SIGN_STYLE = Automatic;
				CURRENT_PROJECT_VERSION = 1;
				DEVELOPMENT_ASSET_PATHS = "\"OriginMock/Preview Content\"";
				DEVELOPMENT_TEAM = S3PW95J64Q;
				ENABLE_PREVIEWS = YES;
				GENERATE_INFOPLIST_FILE = YES;
				INFOPLIST_KEY_UIApplicationSceneManifest_Generation = YES;
				INFOPLIST_KEY_UIApplicationSupportsIndirectInputEvents = YES;
				INFOPLIST_KEY_UILaunchScreen_Generation = YES;
				INFOPLIST_KEY_UISupportedInterfaceOrientations_iPad = "UIInterfaceOrientationPortrait UIInterfaceOrientationPortraitUpsideDown UIInterfaceOrientationLandscapeLeft UIInterfaceOrientationLandscapeRight";
				INFOPLIST_KEY_UISupportedInterfaceOrientations_iPhone = "UIInterfaceOrientationPortrait UIInterfaceOrientationLandscapeLeft UIInterfaceOrientationLandscapeRight";
				LD_RUNPATH_SEARCH_PATHS = (
					"$(inherited)",
					"@executable_path/Frameworks",
				);
				MARKETING_VERSION = 1.0;
				PRODUCT_BUNDLE_IDENTIFIER = "com.Hiroaki-Hirabayashi.OriginMock";
				PRODUCT_NAME = "$(TARGET_NAME)";
				SWIFT_EMIT_LOC_STRINGS = YES;
				SWIFT_VERSION = 5.0;
				TARGETED_DEVICE_FAMILY = "1,2";
			};
			name = Debug;
		};
		F4DD123D280D98920090E163 /* Release */ = {
			isa = XCBuildConfiguration;
			baseConfigurationReference = 08B59D8DA9DDA057BE97B993 /* Pods-OriginMock.release.xcconfig */;
			buildSettings = {
				ASSETCATALOG_COMPILER_APPICON_NAME = AppIcon;
				ASSETCATALOG_COMPILER_GLOBAL_ACCENT_COLOR_NAME = AccentColor;
				CODE_SIGN_STYLE = Automatic;
				CURRENT_PROJECT_VERSION = 1;
				DEVELOPMENT_ASSET_PATHS = "\"OriginMock/Preview Content\"";
				DEVELOPMENT_TEAM = S3PW95J64Q;
				ENABLE_PREVIEWS = YES;
				GENERATE_INFOPLIST_FILE = YES;
				INFOPLIST_KEY_UIApplicationSceneManifest_Generation = YES;
				INFOPLIST_KEY_UIApplicationSupportsIndirectInputEvents = YES;
				INFOPLIST_KEY_UILaunchScreen_Generation = YES;
				INFOPLIST_KEY_UISupportedInterfaceOrientations_iPad = "UIInterfaceOrientationPortrait UIInterfaceOrientationPortraitUpsideDown UIInterfaceOrientationLandscapeLeft UIInterfaceOrientationLandscapeRight";
				INFOPLIST_KEY_UISupportedInterfaceOrientations_iPhone = "UIInterfaceOrientationPortrait UIInterfaceOrientationLandscapeLeft UIInterfaceOrientationLandscapeRight";
				LD_RUNPATH_SEARCH_PATHS = (
					"$(inherited)",
					"@executable_path/Frameworks",
				);
				MARKETING_VERSION = 1.0;
				PRODUCT_BUNDLE_IDENTIFIER = "com.Hiroaki-Hirabayashi.OriginMock";
				PRODUCT_NAME = "$(TARGET_NAME)";
				SWIFT_EMIT_LOC_STRINGS = YES;
				SWIFT_VERSION = 5.0;
				TARGETED_DEVICE_FAMILY = "1,2";
			};
			name = Release;
		};
		F4DD123F280D98920090E163 /* Debug */ = {
			isa = XCBuildConfiguration;
			baseConfigurationReference = 937CA96617CB48E8919FD392 /* Pods-OriginMockTests.debug.xcconfig */;
			buildSettings = {
				ALWAYS_EMBED_SWIFT_STANDARD_LIBRARIES = YES;
				BUNDLE_LOADER = "$(TEST_HOST)";
				CODE_SIGN_STYLE = Automatic;
				CURRENT_PROJECT_VERSION = 1;
				DEVELOPMENT_TEAM = S3PW95J64Q;
				GENERATE_INFOPLIST_FILE = YES;
				IPHONEOS_DEPLOYMENT_TARGET = 15.0;
				LD_RUNPATH_SEARCH_PATHS = (
					"$(inherited)",
					"@executable_path/Frameworks",
					"@loader_path/Frameworks",
				);
				MARKETING_VERSION = 1.0;
				PRODUCT_BUNDLE_IDENTIFIER = "com.Hiroaki-Hirabayashi.OriginMockTests";
				PRODUCT_NAME = "$(TARGET_NAME)";
				SWIFT_EMIT_LOC_STRINGS = NO;
				SWIFT_VERSION = 5.0;
				TARGETED_DEVICE_FAMILY = "1,2";
				TEST_HOST = "$(BUILT_PRODUCTS_DIR)/OriginMock.app/OriginMock";
			};
			name = Debug;
		};
		F4DD1240280D98920090E163 /* Release */ = {
			isa = XCBuildConfiguration;
			baseConfigurationReference = 1EF2E2A500C6F818A7D159AB /* Pods-OriginMockTests.release.xcconfig */;
			buildSettings = {
				ALWAYS_EMBED_SWIFT_STANDARD_LIBRARIES = YES;
				BUNDLE_LOADER = "$(TEST_HOST)";
				CODE_SIGN_STYLE = Automatic;
				CURRENT_PROJECT_VERSION = 1;
				DEVELOPMENT_TEAM = S3PW95J64Q;
				GENERATE_INFOPLIST_FILE = YES;
				IPHONEOS_DEPLOYMENT_TARGET = 15.0;
				LD_RUNPATH_SEARCH_PATHS = (
					"$(inherited)",
					"@executable_path/Frameworks",
					"@loader_path/Frameworks",
				);
				MARKETING_VERSION = 1.0;
				PRODUCT_BUNDLE_IDENTIFIER = "com.Hiroaki-Hirabayashi.OriginMockTests";
				PRODUCT_NAME = "$(TARGET_NAME)";
				SWIFT_EMIT_LOC_STRINGS = NO;
				SWIFT_VERSION = 5.0;
				TARGETED_DEVICE_FAMILY = "1,2";
				TEST_HOST = "$(BUILT_PRODUCTS_DIR)/OriginMock.app/OriginMock";
			};
			name = Release;
		};
		F4DD1242280D98920090E163 /* Debug */ = {
			isa = XCBuildConfiguration;
			baseConfigurationReference = A6ED95045A1782EBCA2B2ED5 /* Pods-OriginMock-OriginMockUITests.debug.xcconfig */;
			buildSettings = {
				ALWAYS_EMBED_SWIFT_STANDARD_LIBRARIES = YES;
				CODE_SIGN_STYLE = Automatic;
				CURRENT_PROJECT_VERSION = 1;
				DEVELOPMENT_TEAM = S3PW95J64Q;
				GENERATE_INFOPLIST_FILE = YES;
				LD_RUNPATH_SEARCH_PATHS = (
					"$(inherited)",
					"@executable_path/Frameworks",
					"@loader_path/Frameworks",
				);
				MARKETING_VERSION = 1.0;
				PRODUCT_BUNDLE_IDENTIFIER = "com.Hiroaki-Hirabayashi.OriginMockUITests";
				PRODUCT_NAME = "$(TARGET_NAME)";
				SWIFT_EMIT_LOC_STRINGS = NO;
				SWIFT_VERSION = 5.0;
				TARGETED_DEVICE_FAMILY = "1,2";
				TEST_TARGET_NAME = OriginMock;
			};
			name = Debug;
		};
		F4DD1243280D98920090E163 /* Release */ = {
			isa = XCBuildConfiguration;
			baseConfigurationReference = C38D026D11E8900C7F93334A /* Pods-OriginMock-OriginMockUITests.release.xcconfig */;
			buildSettings = {
				ALWAYS_EMBED_SWIFT_STANDARD_LIBRARIES = YES;
				CODE_SIGN_STYLE = Automatic;
				CURRENT_PROJECT_VERSION = 1;
				DEVELOPMENT_TEAM = S3PW95J64Q;
				GENERATE_INFOPLIST_FILE = YES;
				LD_RUNPATH_SEARCH_PATHS = (
					"$(inherited)",
					"@executable_path/Frameworks",
					"@loader_path/Frameworks",
				);
				MARKETING_VERSION = 1.0;
				PRODUCT_BUNDLE_IDENTIFIER = "com.Hiroaki-Hirabayashi.OriginMockUITests";
				PRODUCT_NAME = "$(TARGET_NAME)";
				SWIFT_EMIT_LOC_STRINGS = NO;
				SWIFT_VERSION = 5.0;
				TARGETED_DEVICE_FAMILY = "1,2";
				TEST_TARGET_NAME = OriginMock;
			};
			name = Release;
		};
/* End XCBuildConfiguration section */

/* Begin XCConfigurationList section */
		F4DD120D280D988C0090E163 /* Build configuration list for PBXProject "OriginMock" */ = {
			isa = XCConfigurationList;
			buildConfigurations = (
				F4DD1239280D98920090E163 /* Debug */,
				F4DD123A280D98920090E163 /* Release */,
			);
			defaultConfigurationIsVisible = 0;
			defaultConfigurationName = Release;
		};
		F4DD123B280D98920090E163 /* Build configuration list for PBXNativeTarget "OriginMock" */ = {
			isa = XCConfigurationList;
			buildConfigurations = (
				F4DD123C280D98920090E163 /* Debug */,
				F4DD123D280D98920090E163 /* Release */,
			);
			defaultConfigurationIsVisible = 0;
			defaultConfigurationName = Release;
		};
		F4DD123E280D98920090E163 /* Build configuration list for PBXNativeTarget "OriginMockTests" */ = {
			isa = XCConfigurationList;
			buildConfigurations = (
				F4DD123F280D98920090E163 /* Debug */,
				F4DD1240280D98920090E163 /* Release */,
			);
			defaultConfigurationIsVisible = 0;
			defaultConfigurationName = Release;
		};
		F4DD1241280D98920090E163 /* Build configuration list for PBXNativeTarget "OriginMockUITests" */ = {
			isa = XCConfigurationList;
			buildConfigurations = (
				F4DD1242280D98920090E163 /* Debug */,
				F4DD1243280D98920090E163 /* Release */,
			);
			defaultConfigurationIsVisible = 0;
			defaultConfigurationName = Release;
		};
/* End XCConfigurationList section */

/* Begin XCVersionGroup section */
		F4DD1220280D98910090E163 /* OriginMock.xcdatamodeld */ = {
			isa = XCVersionGroup;
			children = (
				F4DD1221280D98910090E163 /* OriginMock.xcdatamodel */,
			);
			currentVersion = F4DD1221280D98910090E163 /* OriginMock.xcdatamodel */;
			path = OriginMock.xcdatamodeld;
			sourceTree = "<group>";
			versionGroupType = wrapper.xcdatamodel;
		};
/* End XCVersionGroup section */
	};
	rootObject = F4DD120A280D988C0090E163 /* Project object */;
}
